
Microsoft Visual Studio Solution File, Format Version 12.00
# Visual Studio Version 17
VisualStudioVersion = 17.4.33205.214
MinimumVisualStudioVersion = 10.0.40219.1
Project("{FAE04EC0-301F-11D3-BF4B-00C04F79EFBC}") = "ShoppingCart", "ShoppingCart\ShoppingCart.csproj", "{909D170F-4D9C-44DA-BF63-1DF980A043E4}"
EndProject
Global
	GlobalSection(SolutionConfigurationPlatforms) = preSolution
		Debug|Any CPU = Debug|Any CPU
		Release|Any CPU = Release|Any CPU
	EndGlobalSection
	GlobalSection(ProjectConfigurationPlatforms) = postSolution
		{909D170F-4D9C-44DA-BF63-1DF980A043E4}.Debug|Any CPU.ActiveCfg = Debug|Any CPU
		{909D170F-4D9C-44DA-BF63-1DF980A043E4}.Debug|Any CPU.Build.0 = Debug|Any CPU
		{909D170F-4D9C-44DA-BF63-1DF980A043E4}.Release|Any CPU.ActiveCfg = Release|Any CPU
		{909D170F-4D9C-44DA-BF63-1DF980A043E4}.Release|Any CPU.Build.0 = Release|Any CPU
	EndGlobalSection
	GlobalSection(SolutionProperties) = preSolution
		HideSolutionNode = FALSE
	EndGlobalSection
	GlobalSection(ExtensibilityGlobals) = postSolution
		SolutionGuid = {82373DBD-7468-4964-9AF5-B8B448C1C83D}
	EndGlobalSection
EndGlobal
